{
  "name": "mobx-state-tree-action-timing-middleware",
  "version": "1.0.0",
  "lockfileVersion": 1,
  "requires": true,
  "dependencies": {
    "mobx-state-tree": {
      "version": "5.0.2",
      "resolved": "https://registry.npmjs.org/mobx-state-tree/-/mobx-state-tree-5.0.2.tgz",
      "integrity": "sha512-hQ2Ewbf2hwB4BNAq0ysYMXywbXQ4bHMpAJRnquzKtUBY1OclZTMBg1Dc2gkZNWfU9PrJ03s2tHK5X5c8wtHAHA=="
    }
  }
}
