{
  "name": "mobx-state-tree-action-timing-middleware",
  "version": "1.0.0",
  "lockfileVersion": 1,
  "requires": true,
  "dependencies": {
    "mobx-state-tree": {
      "version": "7.4.0",
      "resolved": "https://registry.npmjs.org/mobx-state-tree/-/mobx-state-tree-7.4.0.tgz",
      "integrity": "sha512-NfOgl47Eov6tgfmIWZCJiflBn+kuQScOd4uSZjygNgZuKT/heXggmA27KfxNxp6PZrxkROliA1yAApnsPww4JA==",
      "requires": {
        "ts-essentials": "^9.4.1"
      }
    },
    "ts-essentials": {
      "version": "9.4.2",
      "resolved": "https://registry.npmjs.org/ts-essentials/-/ts-essentials-9.4.2.tgz",
      "integrity": "sha512-mB/cDhOvD7pg3YCLk2rOtejHjjdSi9in/IBYE13S+8WA5FBSraYf4V/ws55uvs0IvQ/l0wBOlXy5yBNZ9Bl8ZQ=="
    }
  }
}
